
Microsoft Visual Studio Solution File, Format Version 12.00
# Visual Studio Version 16
VisualStudioVersion = 16.0.32602.291
MinimumVisualStudioVersion = 10.0.40219.1
Project("{F2A71F9B-5D33-465A-A702-920D77279786}") = "MyFirstAzure", "MyFirstAzure\MyFirstAzure.fsproj", "{5CEA0371-779B-4C87-B334-D044AAE22D03}"
EndProject
Global
	GlobalSection(SolutionConfigurationPlatforms) = preSolution
		Debug|Any CPU = Debug|Any CPU
		Release|Any CPU = Release|Any CPU
	EndGlobalSection
	GlobalSection(ProjectConfigurationPlatforms) = postSolution
		{5CEA0371-779B-4C87-B334-D044AAE22D03}.Debug|Any CPU.ActiveCfg = Debug|Any CPU
		{5CEA0371-779B-4C87-B334-D044AAE22D03}.Debug|Any CPU.Build.0 = Debug|Any CPU
		{5CEA0371-779B-4C87-B334-D044AAE22D03}.Release|Any CPU.ActiveCfg = Release|Any CPU
		{5CEA0371-779B-4C87-B334-D044AAE22D03}.Release|Any CPU.Build.0 = Release|Any CPU
	EndGlobalSection
	GlobalSection(SolutionProperties) = preSolution
		HideSolutionNode = FALSE
	EndGlobalSection
	GlobalSection(ExtensibilityGlobals) = postSolution
		SolutionGuid = {A46B5705-462F-478F-8A1A-37DEB82A6A77}
	EndGlobalSection
EndGlobal
